
Microsoft Visual Studio Solution File, Format Version 12.00
# Visual Studio Version 16
VisualStudioVersion = 16.0.31911.196
MinimumVisualStudioVersion = 10.0.40219.1
Project("{FAE04EC0-301F-11D3-BF4B-00C04F79EFBC}") = "CONTROLS", "CONTROLS.csproj", "{05712663-FF85-497E-B9CD-36671B9EE36A}"
EndProject
Global
	GlobalSection(SolutionConfigurationPlatforms) = preSolution
		Debug|Any CPU = Debug|Any CPU
		Release|Any CPU = Release|Any CPU
	EndGlobalSection
	GlobalSection(ProjectConfigurationPlatforms) = postSolution
		{05712663-FF85-497E-B9CD-36671B9EE36A}.Debug|Any CPU.ActiveCfg = Debug|Any CPU
		{05712663-FF85-497E-B9CD-36671B9EE36A}.Debug|Any CPU.Build.0 = Debug|Any CPU
		{05712663-FF85-497E-B9CD-36671B9EE36A}.Release|Any CPU.ActiveCfg = Release|Any CPU
		{05712663-FF85-497E-B9CD-36671B9EE36A}.Release|Any CPU.Build.0 = Release|Any CPU
	EndGlobalSection
	GlobalSection(SolutionProperties) = preSolution
		HideSolutionNode = FALSE
	EndGlobalSection
	GlobalSection(ExtensibilityGlobals) = postSolution
		SolutionGuid = {4865C696-F1A3-4CFC-808C-F01B288F7285}
	EndGlobalSection
EndGlobal
